
Microsoft Visual Studio Solution File, Format Version 12.00
# Visual Studio 14
VisualStudioVersion = 14.0.25420.1
MinimumVisualStudioVersion = 10.0.40219.1
Project("{FAE04EC0-301F-11D3-BF4B-00C04F79EFBC}") = "AtolFiscalPrinterTester", "AtolFiscalPrinterTester\AtolFiscalPrinterTester.csproj", "{4974B45D-35B5-489A-8F0C-B81BE6F7D7E2}"
EndProject
Project("{FAE04EC0-301F-11D3-BF4B-00C04F79EFBC}") = "AtolFiscalPrinter", "AtolFiscalPrinter\AtolFiscalPrinter.csproj", "{65CAC5A1-967C-4C4D-8535-805D61B15AE3}"
EndProject
Project("{FAE04EC0-301F-11D3-BF4B-00C04F79EFBC}") = "FiscalHelper", "FiscalHelper\FiscalHelper.csproj", "{CECDA839-7887-4B3A-AF6C-73A8BF28AC72}"
EndProject
Global
	GlobalSection(SolutionConfigurationPlatforms) = preSolution
		Debug|Any CPU = Debug|Any CPU
		Release|Any CPU = Release|Any CPU
	EndGlobalSection
	GlobalSection(ProjectConfigurationPlatforms) = postSolution
		{4974B45D-35B5-489A-8F0C-B81BE6F7D7E2}.Debug|Any CPU.ActiveCfg = Debug|Any CPU
		{4974B45D-35B5-489A-8F0C-B81BE6F7D7E2}.Debug|Any CPU.Build.0 = Debug|Any CPU
		{4974B45D-35B5-489A-8F0C-B81BE6F7D7E2}.Release|Any CPU.ActiveCfg = Release|Any CPU
		{4974B45D-35B5-489A-8F0C-B81BE6F7D7E2}.Release|Any CPU.Build.0 = Release|Any CPU
		{65CAC5A1-967C-4C4D-8535-805D61B15AE3}.Debug|Any CPU.ActiveCfg = Debug|Any CPU
		{65CAC5A1-967C-4C4D-8535-805D61B15AE3}.Debug|Any CPU.Build.0 = Debug|Any CPU
		{65CAC5A1-967C-4C4D-8535-805D61B15AE3}.Release|Any CPU.ActiveCfg = Release|Any CPU
		{65CAC5A1-967C-4C4D-8535-805D61B15AE3}.Release|Any CPU.Build.0 = Release|Any CPU
		{CECDA839-7887-4B3A-AF6C-73A8BF28AC72}.Debug|Any CPU.ActiveCfg = Debug|Any CPU
		{CECDA839-7887-4B3A-AF6C-73A8BF28AC72}.Debug|Any CPU.Build.0 = Debug|Any CPU
		{CECDA839-7887-4B3A-AF6C-73A8BF28AC72}.Release|Any CPU.ActiveCfg = Release|Any CPU
		{CECDA839-7887-4B3A-AF6C-73A8BF28AC72}.Release|Any CPU.Build.0 = Release|Any CPU
	EndGlobalSection
	GlobalSection(SolutionProperties) = preSolution
		HideSolutionNode = FALSE
	EndGlobalSection
EndGlobal
